
Microsoft Visual Studio Solution File, Format Version 12.00
# Visual Studio Version 16
VisualStudioVersion = 16.0.31105.61
MinimumVisualStudioVersion = 10.0.40219.1
Project("{8BC9CEB8-8B4A-11D0-8D11-00A0C91BC942}") = "Snake Game C++", "Snake Game C++\Snake Game C++.vcxproj", "{DBC070C1-B576-42A3-BEA5-0E5D97502191}"
EndProject
Global
	GlobalSection(SolutionConfigurationPlatforms) = preSolution
		Debug|x64 = Debug|x64
		Debug|x86 = Debug|x86
		Release|x64 = Release|x64
		Release|x86 = Release|x86
	EndGlobalSection
	GlobalSection(ProjectConfigurationPlatforms) = postSolution
		{DBC070C1-B576-42A3-BEA5-0E5D97502191}.Debug|x64.ActiveCfg = Debug|x64
		{DBC070C1-B576-42A3-BEA5-0E5D97502191}.Debug|x64.Build.0 = Debug|x64
		{DBC070C1-B576-42A3-BEA5-0E5D97502191}.Debug|x86.ActiveCfg = Debug|Win32
		{DBC070C1-B576-42A3-BEA5-0E5D97502191}.Debug|x86.Build.0 = Debug|Win32
		{DBC070C1-B576-42A3-BEA5-0E5D97502191}.Release|x64.ActiveCfg = Release|x64
		{DBC070C1-B576-42A3-BEA5-0E5D97502191}.Release|x64.Build.0 = Release|x64
		{DBC070C1-B576-42A3-BEA5-0E5D97502191}.Release|x86.ActiveCfg = Release|Win32
		{DBC070C1-B576-42A3-BEA5-0E5D97502191}.Release|x86.Build.0 = Release|Win32
	EndGlobalSection
	GlobalSection(SolutionProperties) = preSolution
		HideSolutionNode = FALSE
	EndGlobalSection
	GlobalSection(ExtensibilityGlobals) = postSolution
		SolutionGuid = {B285B7A2-A1F4-4FBB-B04F-EE239EB92C1E}
	EndGlobalSection
EndGlobal
